
Microsoft Visual Studio Solution File, Format Version 12.00
# Visual Studio Version 17
VisualStudioVersion = 17.6.33815.320
MinimumVisualStudioVersion = 10.0.40219.1
Project("{FAE04EC0-301F-11D3-BF4B-00C04F79EFBC}") = "Assessment08", "Assessment08.csproj", "{4B3505D7-28D5-4825-B302-A4FC9B5D5AA0}"
EndProject
Global
	GlobalSection(SolutionConfigurationPlatforms) = preSolution
		Debug|Any CPU = Debug|Any CPU
		Release|Any CPU = Release|Any CPU
	EndGlobalSection
	GlobalSection(ProjectConfigurationPlatforms) = postSolution
		{4B3505D7-28D5-4825-B302-A4FC9B5D5AA0}.Debug|Any CPU.ActiveCfg = Debug|Any CPU
		{4B3505D7-28D5-4825-B302-A4FC9B5D5AA0}.Debug|Any CPU.Build.0 = Debug|Any CPU
		{4B3505D7-28D5-4825-B302-A4FC9B5D5AA0}.Release|Any CPU.ActiveCfg = Release|Any CPU
		{4B3505D7-28D5-4825-B302-A4FC9B5D5AA0}.Release|Any CPU.Build.0 = Release|Any CPU
	EndGlobalSection
	GlobalSection(SolutionProperties) = preSolution
		HideSolutionNode = FALSE
	EndGlobalSection
	GlobalSection(ExtensibilityGlobals) = postSolution
		SolutionGuid = {DFC71858-12A9-4ACD-BC9B-1F62E5F3FBD7}
	EndGlobalSection
EndGlobal
