
Microsoft Visual Studio Solution File, Format Version 12.00
# Visual Studio Version 17
VisualStudioVersion = 17.6.33815.320
MinimumVisualStudioVersion = 10.0.40219.1
Project("{FAE04EC0-301F-11D3-BF4B-00C04F79EFBC}") = "Assessment07", "Assessment07.csproj", "{F4B6FCD9-5CDB-4EDE-8188-39B1F99F43CA}"
EndProject
Global
	GlobalSection(SolutionConfigurationPlatforms) = preSolution
		Debug|Any CPU = Debug|Any CPU
		Release|Any CPU = Release|Any CPU
	EndGlobalSection
	GlobalSection(ProjectConfigurationPlatforms) = postSolution
		{F4B6FCD9-5CDB-4EDE-8188-39B1F99F43CA}.Debug|Any CPU.ActiveCfg = Debug|Any CPU
		{F4B6FCD9-5CDB-4EDE-8188-39B1F99F43CA}.Debug|Any CPU.Build.0 = Debug|Any CPU
		{F4B6FCD9-5CDB-4EDE-8188-39B1F99F43CA}.Release|Any CPU.ActiveCfg = Release|Any CPU
		{F4B6FCD9-5CDB-4EDE-8188-39B1F99F43CA}.Release|Any CPU.Build.0 = Release|Any CPU
	EndGlobalSection
	GlobalSection(SolutionProperties) = preSolution
		HideSolutionNode = FALSE
	EndGlobalSection
	GlobalSection(ExtensibilityGlobals) = postSolution
		SolutionGuid = {3F33CA22-C645-4057-9709-AF565E2D03AB}
	EndGlobalSection
EndGlobal
